
Microsoft Visual Studio Solution File, Format Version 12.00
# Visual Studio Version 17
VisualStudioVersion = 17.10.35004.147
MinimumVisualStudioVersion = 10.0.40219.1
Project("{2150E333-8FDC-42A3-9474-1A3956D46DE8}") = "Core", "Core", "{61A322CF-DB44-4773-9B46-0D67D4EA5D29}"
EndProject
Project("{2150E333-8FDC-42A3-9474-1A3956D46DE8}") = "Presentation", "Presentation", "{607F0F92-2416-4B9F-8625-0B0A8816D819}"
EndProject
Project("{2150E333-8FDC-42A3-9474-1A3956D46DE8}") = "Infraestructure", "Infraestructure", "{B6865B82-F9E7-490B-B227-E67922494D86}"
EndProject
Project("{2150E333-8FDC-42A3-9474-1A3956D46DE8}") = "Test", "Test", "{91B40BE9-F954-4C64-B6C1-6287B0DC210E}"
EndProject
Project("{9A19103F-16F7-4668-BE54-9A1E7A4F7556}") = "CleanArchitecture.Application", "Domain\CleanArchitecture.Application.csproj", "{29CBCA4C-2C46-45B7-BAD5-E11BACC0F08D}"
EndProject
Project("{9A19103F-16F7-4668-BE54-9A1E7A4F7556}") = "CleanArchtecture.Domain", "CleanArchtecture.Domain\CleanArchtecture.Domain.csproj", "{6DE842C4-C47E-4252-B435-5D4AFEBAF0FB}"
EndProject
Project("{9A19103F-16F7-4668-BE54-9A1E7A4F7556}") = "CleanArchitecture.Persistence", "Persistence\CleanArchitecture.Persistence.csproj", "{E6A46920-EB13-4578-B51C-060DEC99779C}"
EndProject
Project("{9A19103F-16F7-4668-BE54-9A1E7A4F7556}") = "CleanArchitecture.API", "CleanArchtecture.API\CleanArchitecture.API.csproj", "{68407BEE-B06A-4A74-9F6C-7905FED4D452}"
EndProject
Project("{9A19103F-16F7-4668-BE54-9A1E7A4F7556}") = "CleanArchitecture.Tests", "CleanArchitecture.Tests\CleanArchitecture.Tests.csproj", "{EA41DC95-78C9-4745-8A93-BC08A396CEE2}"
EndProject
Global
	GlobalSection(SolutionConfigurationPlatforms) = preSolution
		Debug|Any CPU = Debug|Any CPU
		Release|Any CPU = Release|Any CPU
	EndGlobalSection
	GlobalSection(ProjectConfigurationPlatforms) = postSolution
		{29CBCA4C-2C46-45B7-BAD5-E11BACC0F08D}.Debug|Any CPU.ActiveCfg = Debug|Any CPU
		{29CBCA4C-2C46-45B7-BAD5-E11BACC0F08D}.Debug|Any CPU.Build.0 = Debug|Any CPU
		{29CBCA4C-2C46-45B7-BAD5-E11BACC0F08D}.Release|Any CPU.ActiveCfg = Release|Any CPU
		{29CBCA4C-2C46-45B7-BAD5-E11BACC0F08D}.Release|Any CPU.Build.0 = Release|Any CPU
		{6DE842C4-C47E-4252-B435-5D4AFEBAF0FB}.Debug|Any CPU.ActiveCfg = Debug|Any CPU
		{6DE842C4-C47E-4252-B435-5D4AFEBAF0FB}.Debug|Any CPU.Build.0 = Debug|Any CPU
		{6DE842C4-C47E-4252-B435-5D4AFEBAF0FB}.Release|Any CPU.ActiveCfg = Release|Any CPU
		{6DE842C4-C47E-4252-B435-5D4AFEBAF0FB}.Release|Any CPU.Build.0 = Release|Any CPU
		{E6A46920-EB13-4578-B51C-060DEC99779C}.Debug|Any CPU.ActiveCfg = Debug|Any CPU
		{E6A46920-EB13-4578-B51C-060DEC99779C}.Debug|Any CPU.Build.0 = Debug|Any CPU
		{E6A46920-EB13-4578-B51C-060DEC99779C}.Release|Any CPU.ActiveCfg = Release|Any CPU
		{E6A46920-EB13-4578-B51C-060DEC99779C}.Release|Any CPU.Build.0 = Release|Any CPU
		{68407BEE-B06A-4A74-9F6C-7905FED4D452}.Debug|Any CPU.ActiveCfg = Debug|Any CPU
		{68407BEE-B06A-4A74-9F6C-7905FED4D452}.Debug|Any CPU.Build.0 = Debug|Any CPU
		{68407BEE-B06A-4A74-9F6C-7905FED4D452}.Release|Any CPU.ActiveCfg = Release|Any CPU
		{68407BEE-B06A-4A74-9F6C-7905FED4D452}.Release|Any CPU.Build.0 = Release|Any CPU
		{EA41DC95-78C9-4745-8A93-BC08A396CEE2}.Debug|Any CPU.ActiveCfg = Debug|Any CPU
		{EA41DC95-78C9-4745-8A93-BC08A396CEE2}.Debug|Any CPU.Build.0 = Debug|Any CPU
		{EA41DC95-78C9-4745-8A93-BC08A396CEE2}.Release|Any CPU.ActiveCfg = Release|Any CPU
		{EA41DC95-78C9-4745-8A93-BC08A396CEE2}.Release|Any CPU.Build.0 = Release|Any CPU
	EndGlobalSection
	GlobalSection(SolutionProperties) = preSolution
		HideSolutionNode = FALSE
	EndGlobalSection
	GlobalSection(NestedProjects) = preSolution
		{29CBCA4C-2C46-45B7-BAD5-E11BACC0F08D} = {61A322CF-DB44-4773-9B46-0D67D4EA5D29}
		{6DE842C4-C47E-4252-B435-5D4AFEBAF0FB} = {61A322CF-DB44-4773-9B46-0D67D4EA5D29}
		{E6A46920-EB13-4578-B51C-060DEC99779C} = {B6865B82-F9E7-490B-B227-E67922494D86}
		{68407BEE-B06A-4A74-9F6C-7905FED4D452} = {607F0F92-2416-4B9F-8625-0B0A8816D819}
		{EA41DC95-78C9-4745-8A93-BC08A396CEE2} = {91B40BE9-F954-4C64-B6C1-6287B0DC210E}
	EndGlobalSection
	GlobalSection(ExtensibilityGlobals) = postSolution
		SolutionGuid = {8B4D3E36-817F-4BA1-AFF8-022B247933EC}
	EndGlobalSection
EndGlobal
